
Microsoft Visual Studio Solution File, Format Version 12.00
# Visual Studio 2012
Project("{FAE04EC0-301F-11D3-BF4B-00C04F79EFBC}") = "Vega", "Vega\Vega.csproj", "{87D6932A-0E26-4335-8942-D0C0B5D6E791}"
EndProject
Global
	GlobalSection(SolutionConfigurationPlatforms) = preSolution
		Debug|Any CPU = Debug|Any CPU
		Release|Any CPU = Release|Any CPU
	EndGlobalSection
	GlobalSection(ProjectConfigurationPlatforms) = postSolution
		{87D6932A-0E26-4335-8942-D0C0B5D6E791}.Debug|Any CPU.ActiveCfg = Debug|Any CPU
		{87D6932A-0E26-4335-8942-D0C0B5D6E791}.Debug|Any CPU.Build.0 = Debug|Any CPU
		{87D6932A-0E26-4335-8942-D0C0B5D6E791}.Release|Any CPU.ActiveCfg = Release|Any CPU
		{87D6932A-0E26-4335-8942-D0C0B5D6E791}.Release|Any CPU.Build.0 = Release|Any CPU
	EndGlobalSection
EndGlobal
